
Microsoft Visual Studio Solution File, Format Version 12.00
# Visual Studio Version 17
VisualStudioVersion = 17.6.33815.320
MinimumVisualStudioVersion = 10.0.40219.1
Project("{FAE04EC0-301F-11D3-BF4B-00C04F79EFBC}") = "Sushil_AssignmentTest", "Sushil_AssignmentTest.csproj", "{00F80A14-D2AC-4F57-975D-8559F2C055F4}"
EndProject
Global
	GlobalSection(SolutionConfigurationPlatforms) = preSolution
		Debug|Any CPU = Debug|Any CPU
		Release|Any CPU = Release|Any CPU
	EndGlobalSection
	GlobalSection(ProjectConfigurationPlatforms) = postSolution
		{00F80A14-D2AC-4F57-975D-8559F2C055F4}.Debug|Any CPU.ActiveCfg = Debug|Any CPU
		{00F80A14-D2AC-4F57-975D-8559F2C055F4}.Debug|Any CPU.Build.0 = Debug|Any CPU
		{00F80A14-D2AC-4F57-975D-8559F2C055F4}.Release|Any CPU.ActiveCfg = Release|Any CPU
		{00F80A14-D2AC-4F57-975D-8559F2C055F4}.Release|Any CPU.Build.0 = Release|Any CPU
	EndGlobalSection
	GlobalSection(SolutionProperties) = preSolution
		HideSolutionNode = FALSE
	EndGlobalSection
	GlobalSection(ExtensibilityGlobals) = postSolution
		SolutionGuid = {CD5680AB-75DA-4387-9CC9-BBC4291C1218}
	EndGlobalSection
EndGlobal
